// !$*UTF8*$!
{
	archiveVersion = 1;
	classes = {
	};
	objectVersion = 56;
	objects = {

/* Begin PBXBuildFile section */
		3844B7E62A86A55E00377ACA /* OBDParser.swift in Sources */ = {isa = PBXBuildFile; fileRef = 3844B7E52A86A55E00377ACA /* OBDParser.swift */; };
		3844B7E82A86BE9B00377ACA /* OBDPIDs.swift in Sources */ = {isa = PBXBuildFile; fileRef = 3844B7E72A86BE9B00377ACA /* OBDPIDs.swift */; };
		38ABFA052A7CC0B900433A18 /* BleConnection.swift in Sources */ = {isa = PBXBuildFile; fileRef = 38ABF9FC2A7CC0B800433A18 /* BleConnection.swift */; };
		38ABFA062A7CC0B900433A18 /* BleServices.swift in Sources */ = {isa = PBXBuildFile; fileRef = 38ABF9FD2A7CC0B800433A18 /* BleServices.swift */; };
		38ABFA072A7CC0B900433A18 /* BleCharacteristics.swift in Sources */ = {isa = PBXBuildFile; fileRef = 38ABF9FE2A7CC0B800433A18 /* BleCharacteristics.swift */; };
		38ABFA0A2A7CC0B900433A18 /* MainView.swift in Sources */ = {isa = PBXBuildFile; fileRef = 38ABFA022A7CC0B800433A18 /* MainView.swift */; };
		38ABFA0E2A7DA70400433A18 /* GaugeView.swift in Sources */ = {isa = PBXBuildFile; fileRef = 38ABFA0D2A7DA70400433A18 /* GaugeView.swift */; };
		38C93E892A7CBE3D0044C7E4 /* SmartOBD2App.swift in Sources */ = {isa = PBXBuildFile; fileRef = 38C93E882A7CBE3D0044C7E4 /* SmartOBD2App.swift */; };
		38C93E8D2A7CBE440044C7E4 /* Assets.xcassets in Resources */ = {isa = PBXBuildFile; fileRef = 38C93E8C2A7CBE440044C7E4 /* Assets.xcassets */; };
		38C93E902A7CBE440044C7E4 /* Preview Assets.xcassets in Resources */ = {isa = PBXBuildFile; fileRef = 38C93E8F2A7CBE440044C7E4 /* Preview Assets.xcassets */; };
		38F6B3712A7EA99D0040F928 /* ELM327.swift in Sources */ = {isa = PBXBuildFile; fileRef = 38F6B3702A7EA99D0040F928 /* ELM327.swift */; };
		38F6B3732A7F00430040F928 /* Elm.swift in Sources */ = {isa = PBXBuildFile; fileRef = 38F6B3722A7F00430040F928 /* Elm.swift */; };
		38F6B3752A7F24990040F928 /* MainTab.swift in Sources */ = {isa = PBXBuildFile; fileRef = 38F6B3742A7F24990040F928 /* MainTab.swift */; };
		38F6B3822A80BE3B0040F928 /* BleUpdates.swift in Sources */ = {isa = PBXBuildFile; fileRef = 38F6B3812A80BE3B0040F928 /* BleUpdates.swift */; };
		38F6B3842A80DE3C0040F928 /* OBD2Parser.swift in Sources */ = {isa = PBXBuildFile; fileRef = 38F6B3832A80DE3C0040F928 /* OBD2Parser.swift */; };
		38F6B3862A80E0880040F928 /* OBDModel.swift in Sources */ = {isa = PBXBuildFile; fileRef = 38F6B3852A80E0880040F928 /* OBDModel.swift */; };
		38F6B3892A80E0FC0040F928 /* SwiftyJSON in Frameworks */ = {isa = PBXBuildFile; productRef = 38F6B3882A80E0FC0040F928 /* SwiftyJSON */; };
/* End PBXBuildFile section */

/* Begin PBXFileReference section */
		3844B7E52A86A55E00377ACA /* OBDParser.swift */ = {isa = PBXFileReference; lastKnownFileType = sourcecode.swift; path = OBDParser.swift; sourceTree = "<group>"; };
		3844B7E72A86BE9B00377ACA /* OBDPIDs.swift */ = {isa = PBXFileReference; lastKnownFileType = sourcecode.swift; path = OBDPIDs.swift; sourceTree = "<group>"; };
		38ABF9FC2A7CC0B800433A18 /* BleConnection.swift */ = {isa = PBXFileReference; fileEncoding = 4; lastKnownFileType = sourcecode.swift; path = BleConnection.swift; sourceTree = "<group>"; };
		38ABF9FD2A7CC0B800433A18 /* BleServices.swift */ = {isa = PBXFileReference; fileEncoding = 4; lastKnownFileType = sourcecode.swift; path = BleServices.swift; sourceTree = "<group>"; };
		38ABF9FE2A7CC0B800433A18 /* BleCharacteristics.swift */ = {isa = PBXFileReference; fileEncoding = 4; lastKnownFileType = sourcecode.swift; path = BleCharacteristics.swift; sourceTree = "<group>"; };
		38ABFA022A7CC0B800433A18 /* MainView.swift */ = {isa = PBXFileReference; fileEncoding = 4; lastKnownFileType = sourcecode.swift; path = MainView.swift; sourceTree = "<group>"; };
		38ABFA0C2A7CC87700433A18 /* Info.plist */ = {isa = PBXFileReference; lastKnownFileType = text.plist; path = Info.plist; sourceTree = "<group>"; };
		38ABFA0D2A7DA70400433A18 /* GaugeView.swift */ = {isa = PBXFileReference; lastKnownFileType = sourcecode.swift; path = GaugeView.swift; sourceTree = "<group>"; };
		38C93E852A7CBE3D0044C7E4 /* SmartOBD2.app */ = {isa = PBXFileReference; explicitFileType = wrapper.application; includeInIndex = 0; path = SmartOBD2.app; sourceTree = BUILT_PRODUCTS_DIR; };
		38C93E882A7CBE3D0044C7E4 /* SmartOBD2App.swift */ = {isa = PBXFileReference; lastKnownFileType = sourcecode.swift; path = SmartOBD2App.swift; sourceTree = "<group>"; };
		38C93E8C2A7CBE440044C7E4 /* Assets.xcassets */ = {isa = PBXFileReference; lastKnownFileType = folder.assetcatalog; path = Assets.xcassets; sourceTree = "<group>"; };
		38C93E8F2A7CBE440044C7E4 /* Preview Assets.xcassets */ = {isa = PBXFileReference; lastKnownFileType = folder.assetcatalog; path = "Preview Assets.xcassets"; sourceTree = "<group>"; };
		38F6B3702A7EA99D0040F928 /* ELM327.swift */ = {isa = PBXFileReference; lastKnownFileType = sourcecode.swift; path = ELM327.swift; sourceTree = "<group>"; };
		38F6B3722A7F00430040F928 /* Elm.swift */ = {isa = PBXFileReference; lastKnownFileType = sourcecode.swift; path = Elm.swift; sourceTree = "<group>"; };
		38F6B3742A7F24990040F928 /* MainTab.swift */ = {isa = PBXFileReference; lastKnownFileType = sourcecode.swift; path = MainTab.swift; sourceTree = "<group>"; };
		38F6B3812A80BE3B0040F928 /* BleUpdates.swift */ = {isa = PBXFileReference; lastKnownFileType = sourcecode.swift; path = BleUpdates.swift; sourceTree = "<group>"; };
		38F6B3832A80DE3C0040F928 /* OBD2Parser.swift */ = {isa = PBXFileReference; lastKnownFileType = sourcecode.swift; path = OBD2Parser.swift; sourceTree = "<group>"; };
		38F6B3852A80E0880040F928 /* OBDModel.swift */ = {isa = PBXFileReference; lastKnownFileType = sourcecode.swift; path = OBDModel.swift; sourceTree = "<group>"; };
/* End PBXFileReference section */

/* Begin PBXFrameworksBuildPhase section */
		38C93E822A7CBE3D0044C7E4 /* Frameworks */ = {
			isa = PBXFrameworksBuildPhase;
			buildActionMask = 2147483647;
			files = (
				38F6B3892A80E0FC0040F928 /* SwiftyJSON in Frameworks */,
			);
			runOnlyForDeploymentPostprocessing = 0;
		};
/* End PBXFrameworksBuildPhase section */

/* Begin PBXGroup section */
		38ABF9FB2A7CC0B800433A18 /* BleComm */ = {
			isa = PBXGroup;
			children = (
				38ABF9FC2A7CC0B800433A18 /* BleConnection.swift */,
				38ABF9FD2A7CC0B800433A18 /* BleServices.swift */,
				38ABF9FE2A7CC0B800433A18 /* BleCharacteristics.swift */,
				38F6B3812A80BE3B0040F928 /* BleUpdates.swift */,
				38F6B3832A80DE3C0040F928 /* OBD2Parser.swift */,
				38F6B3852A80E0880040F928 /* OBDModel.swift */,
				3844B7E52A86A55E00377ACA /* OBDParser.swift */,
				3844B7E72A86BE9B00377ACA /* OBDPIDs.swift */,
			);
			path = BleComm;
			sourceTree = "<group>";
		};
		38ABF9FF2A7CC0B800433A18 /* Views */ = {
			isa = PBXGroup;
			children = (
				38ABFA022A7CC0B800433A18 /* MainView.swift */,
				38ABFA0D2A7DA70400433A18 /* GaugeView.swift */,
				38F6B3742A7F24990040F928 /* MainTab.swift */,
			);
			path = Views;
			sourceTree = "<group>";
		};
		38ABFA032A7CC0B800433A18 /* ELM */ = {
			isa = PBXGroup;
			children = (
				38F6B3702A7EA99D0040F928 /* ELM327.swift */,
				38F6B3722A7F00430040F928 /* Elm.swift */,
			);
			path = ELM;
			sourceTree = "<group>";
		};
		38C93E7C2A7CBE3D0044C7E4 = {
			isa = PBXGroup;
			children = (
				38C93E872A7CBE3D0044C7E4 /* SmartOBD2 */,
				38C93E862A7CBE3D0044C7E4 /* Products */,
			);
			sourceTree = "<group>";
		};
		38C93E862A7CBE3D0044C7E4 /* Products */ = {
			isa = PBXGroup;
			children = (
				38C93E852A7CBE3D0044C7E4 /* SmartOBD2.app */,
			);
			name = Products;
			sourceTree = "<group>";
		};
		38C93E872A7CBE3D0044C7E4 /* SmartOBD2 */ = {
			isa = PBXGroup;
			children = (
				38ABFA0C2A7CC87700433A18 /* Info.plist */,
				38C93E882A7CBE3D0044C7E4 /* SmartOBD2App.swift */,
				38ABF9FB2A7CC0B800433A18 /* BleComm */,
				38ABFA032A7CC0B800433A18 /* ELM */,
				38ABF9FF2A7CC0B800433A18 /* Views */,
				38C93E8C2A7CBE440044C7E4 /* Assets.xcassets */,
				38C93E8E2A7CBE440044C7E4 /* Preview Content */,
			);
			path = SmartOBD2;
			sourceTree = "<group>";
		};
		38C93E8E2A7CBE440044C7E4 /* Preview Content */ = {
			isa = PBXGroup;
			children = (
				38C93E8F2A7CBE440044C7E4 /* Preview Assets.xcassets */,
			);
			path = "Preview Content";
			sourceTree = "<group>";
		};
/* End PBXGroup section */

/* Begin PBXNativeTarget section */
		38C93E842A7CBE3D0044C7E4 /* SmartOBD2 */ = {
			isa = PBXNativeTarget;
			buildConfigurationList = 38C93E932A7CBE450044C7E4 /* Build configuration list for PBXNativeTarget "SmartOBD2" */;
			buildPhases = (
				38C93E812A7CBE3D0044C7E4 /* Sources */,
				38C93E822A7CBE3D0044C7E4 /* Frameworks */,
				38C93E832A7CBE3D0044C7E4 /* Resources */,
			);
			buildRules = (
			);
			dependencies = (
			);
			name = SmartOBD2;
			packageProductDependencies = (
				38F6B3882A80E0FC0040F928 /* SwiftyJSON */,
			);
			productName = SmartOBD2;
			productReference = 38C93E852A7CBE3D0044C7E4 /* SmartOBD2.app */;
			productType = "com.apple.product-type.application";
		};
/* End PBXNativeTarget section */

/* Begin PBXProject section */
		38C93E7D2A7CBE3D0044C7E4 /* Project object */ = {
			isa = PBXProject;
			attributes = {
				BuildIndependentTargetsInParallel = 1;
				LastSwiftUpdateCheck = 1430;
				LastUpgradeCheck = 1430;
				TargetAttributes = {
					38C93E842A7CBE3D0044C7E4 = {
						CreatedOnToolsVersion = 14.3.1;
					};
				};
			};
			buildConfigurationList = 38C93E802A7CBE3D0044C7E4 /* Build configuration list for PBXProject "SmartOBD2" */;
			compatibilityVersion = "Xcode 14.0";
			developmentRegion = en;
			hasScannedForEncodings = 0;
			knownRegions = (
				en,
				Base,
			);
			mainGroup = 38C93E7C2A7CBE3D0044C7E4;
			packageReferences = (
				38F6B3872A80E0FC0040F928 /* XCRemoteSwiftPackageReference "SwiftyJSON" */,
			);
			productRefGroup = 38C93E862A7CBE3D0044C7E4 /* Products */;
			projectDirPath = "";
			projectRoot = "";
			targets = (
				38C93E842A7CBE3D0044C7E4 /* SmartOBD2 */,
			);
		};
/* End PBXProject section */

/* Begin PBXResourcesBuildPhase section */
		38C93E832A7CBE3D0044C7E4 /* Resources */ = {
			isa = PBXResourcesBuildPhase;
			buildActionMask = 2147483647;
			files = (
				38C93E902A7CBE440044C7E4 /* Preview Assets.xcassets in Resources */,
				38C93E8D2A7CBE440044C7E4 /* Assets.xcassets in Resources */,
			);
			runOnlyForDeploymentPostprocessing = 0;
		};
/* End PBXResourcesBuildPhase section */

/* Begin PBXSourcesBuildPhase section */
		38C93E812A7CBE3D0044C7E4 /* Sources */ = {
			isa = PBXSourcesBuildPhase;
			buildActionMask = 2147483647;
			files = (
				38F6B3752A7F24990040F928 /* MainTab.swift in Sources */,
				38F6B3732A7F00430040F928 /* Elm.swift in Sources */,
				38ABFA0E2A7DA70400433A18 /* GaugeView.swift in Sources */,
				38ABFA0A2A7CC0B900433A18 /* MainView.swift in Sources */,
				3844B7E62A86A55E00377ACA /* OBDParser.swift in Sources */,
				38F6B3712A7EA99D0040F928 /* ELM327.swift in Sources */,
				3844B7E82A86BE9B00377ACA /* OBDPIDs.swift in Sources */,
				38ABFA072A7CC0B900433A18 /* BleCharacteristics.swift in Sources */,
				38ABFA062A7CC0B900433A18 /* BleServices.swift in Sources */,
				38F6B3862A80E0880040F928 /* OBDModel.swift in Sources */,
				38F6B3822A80BE3B0040F928 /* BleUpdates.swift in Sources */,
				38C93E892A7CBE3D0044C7E4 /* SmartOBD2App.swift in Sources */,
				38F6B3842A80DE3C0040F928 /* OBD2Parser.swift in Sources */,
				38ABFA052A7CC0B900433A18 /* BleConnection.swift in Sources */,
			);
			runOnlyForDeploymentPostprocessing = 0;
		};
/* End PBXSourcesBuildPhase section */

/* Begin XCBuildConfiguration section */
		38C93E912A7CBE440044C7E4 /* Debug */ = {
			isa = XCBuildConfiguration;
			buildSettings = {
				ALWAYS_SEARCH_USER_PATHS = NO;
				CLANG_ANALYZER_NONNULL = YES;
				CLANG_ANALYZER_NUMBER_OBJECT_CONVERSION = YES_AGGRESSIVE;
				CLANG_CXX_LANGUAGE_STANDARD = "gnu++20";
				CLANG_ENABLE_MODULES = YES;
				CLANG_ENABLE_OBJC_ARC = YES;
				CLANG_ENABLE_OBJC_WEAK = YES;
				CLANG_WARN_BLOCK_CAPTURE_AUTORELEASING = YES;
				CLANG_WARN_BOOL_CONVERSION = YES;
				CLANG_WARN_COMMA = YES;
				CLANG_WARN_CONSTANT_CONVERSION = YES;
				CLANG_WARN_DEPRECATED_OBJC_IMPLEMENTATIONS = YES;
				CLANG_WARN_DIRECT_OBJC_ISA_USAGE = YES_ERROR;
				CLANG_WARN_DOCUMENTATION_COMMENTS = YES;
				CLANG_WARN_EMPTY_BODY = YES;
				CLANG_WARN_ENUM_CONVERSION = YES;
				CLANG_WARN_INFINITE_RECURSION = YES;
				CLANG_WARN_INT_CONVERSION = YES;
				CLANG_WARN_NON_LITERAL_NULL_CONVERSION = YES;
				CLANG_WARN_OBJC_IMPLICIT_RETAIN_SELF = YES;
				CLANG_WARN_OBJC_LITERAL_CONVERSION = YES;
				CLANG_WARN_OBJC_ROOT_CLASS = YES_ERROR;
				CLANG_WARN_QUOTED_INCLUDE_IN_FRAMEWORK_HEADER = YES;
				CLANG_WARN_RANGE_LOOP_ANALYSIS = YES;
				CLANG_WARN_STRICT_PROTOTYPES = YES;
				CLANG_WARN_SUSPICIOUS_MOVE = YES;
				CLANG_WARN_UNGUARDED_AVAILABILITY = YES_AGGRESSIVE;
				CLANG_WARN_UNREACHABLE_CODE = YES;
				CLANG_WARN__DUPLICATE_METHOD_MATCH = YES;
				COPY_PHASE_STRIP = NO;
				DEBUG_INFORMATION_FORMAT = dwarf;
				ENABLE_STRICT_OBJC_MSGSEND = YES;
				ENABLE_TESTABILITY = YES;
				GCC_C_LANGUAGE_STANDARD = gnu11;
				GCC_DYNAMIC_NO_PIC = NO;
				GCC_NO_COMMON_BLOCKS = YES;
				GCC_OPTIMIZATION_LEVEL = 0;
				GCC_PREPROCESSOR_DEFINITIONS = (
					"DEBUG=1",
					"$(inherited)",
				);
				GCC_WARN_64_TO_32_BIT_CONVERSION = YES;
				GCC_WARN_ABOUT_RETURN_TYPE = YES_ERROR;
				GCC_WARN_UNDECLARED_SELECTOR = YES;
				GCC_WARN_UNINITIALIZED_AUTOS = YES_AGGRESSIVE;
				GCC_WARN_UNUSED_FUNCTION = YES;
				GCC_WARN_UNUSED_VARIABLE = YES;
				IPHONEOS_DEPLOYMENT_TARGET = 16.4;
				MTL_ENABLE_DEBUG_INFO = INCLUDE_SOURCE;
				MTL_FAST_MATH = YES;
				ONLY_ACTIVE_ARCH = YES;
				SDKROOT = iphoneos;
				SWIFT_ACTIVE_COMPILATION_CONDITIONS = DEBUG;
				SWIFT_OPTIMIZATION_LEVEL = "-Onone";
			};
			name = Debug;
		};
		38C93E922A7CBE450044C7E4 /* Release */ = {
			isa = XCBuildConfiguration;
			buildSettings = {
				ALWAYS_SEARCH_USER_PATHS = NO;
				CLANG_ANALYZER_NONNULL = YES;
				CLANG_ANALYZER_NUMBER_OBJECT_CONVERSION = YES_AGGRESSIVE;
				CLANG_CXX_LANGUAGE_STANDARD = "gnu++20";
				CLANG_ENABLE_MODULES = YES;
				CLANG_ENABLE_OBJC_ARC = YES;
				CLANG_ENABLE_OBJC_WEAK = YES;
				CLANG_WARN_BLOCK_CAPTURE_AUTORELEASING = YES;
				CLANG_WARN_BOOL_CONVERSION = YES;
				CLANG_WARN_COMMA = YES;
				CLANG_WARN_CONSTANT_CONVERSION = YES;
				CLANG_WARN_DEPRECATED_OBJC_IMPLEMENTATIONS = YES;
				CLANG_WARN_DIRECT_OBJC_ISA_USAGE = YES_ERROR;
				CLANG_WARN_DOCUMENTATION_COMMENTS = YES;
				CLANG_WARN_EMPTY_BODY = YES;
				CLANG_WARN_ENUM_CONVERSION = YES;
				CLANG_WARN_INFINITE_RECURSION = YES;
				CLANG_WARN_INT_CONVERSION = YES;
				CLANG_WARN_NON_LITERAL_NULL_CONVERSION = YES;
				CLANG_WARN_OBJC_IMPLICIT_RETAIN_SELF = YES;
				CLANG_WARN_OBJC_LITERAL_CONVERSION = YES;
				CLANG_WARN_OBJC_ROOT_CLASS = YES_ERROR;
				CLANG_WARN_QUOTED_INCLUDE_IN_FRAMEWORK_HEADER = YES;
				CLANG_WARN_RANGE_LOOP_ANALYSIS = YES;
				CLANG_WARN_STRICT_PROTOTYPES = YES;
				CLANG_WARN_SUSPICIOUS_MOVE = YES;
				CLANG_WARN_UNGUARDED_AVAILABILITY = YES_AGGRESSIVE;
				CLANG_WARN_UNREACHABLE_CODE = YES;
				CLANG_WARN__DUPLICATE_METHOD_MATCH = YES;
				COPY_PHASE_STRIP = NO;
				DEBUG_INFORMATION_FORMAT = "dwarf-with-dsym";
				ENABLE_NS_ASSERTIONS = NO;
				ENABLE_STRICT_OBJC_MSGSEND = YES;
				GCC_C_LANGUAGE_STANDARD = gnu11;
				GCC_NO_COMMON_BLOCKS = YES;
				GCC_WARN_64_TO_32_BIT_CONVERSION = YES;
				GCC_WARN_ABOUT_RETURN_TYPE = YES_ERROR;
				GCC_WARN_UNDECLARED_SELECTOR = YES;
				GCC_WARN_UNINITIALIZED_AUTOS = YES_AGGRESSIVE;
				GCC_WARN_UNUSED_FUNCTION = YES;
				GCC_WARN_UNUSED_VARIABLE = YES;
				IPHONEOS_DEPLOYMENT_TARGET = 16.4;
				MTL_ENABLE_DEBUG_INFO = NO;
				MTL_FAST_MATH = YES;
				SDKROOT = iphoneos;
				SWIFT_COMPILATION_MODE = wholemodule;
				SWIFT_OPTIMIZATION_LEVEL = "-O";
				VALIDATE_PRODUCT = YES;
			};
			name = Release;
		};
		38C93E942A7CBE450044C7E4 /* Debug */ = {
			isa = XCBuildConfiguration;
			buildSettings = {
				ASSETCATALOG_COMPILER_APPICON_NAME = AppIcon;
				ASSETCATALOG_COMPILER_GLOBAL_ACCENT_COLOR_NAME = AccentColor;
				CODE_SIGN_STYLE = Automatic;
				CURRENT_PROJECT_VERSION = 1;
				DEVELOPMENT_ASSET_PATHS = "\"SmartOBD2/Preview Content\"";
				DEVELOPMENT_TEAM = AA9JVLXUZS;
				ENABLE_PREVIEWS = YES;
				GENERATE_INFOPLIST_FILE = YES;
				INFOPLIST_FILE = SmartOBD2/Info.plist;
				INFOPLIST_KEY_LSApplicationCategoryType = "";
				INFOPLIST_KEY_NSBluetoothAlwaysUsageDescription = "";
				INFOPLIST_KEY_NSBluetoothPeripheralUsageDescription = "";
				INFOPLIST_KEY_UIApplicationSceneManifest_Generation = YES;
				INFOPLIST_KEY_UIApplicationSupportsIndirectInputEvents = YES;
				INFOPLIST_KEY_UILaunchScreen_Generation = YES;
				INFOPLIST_KEY_UISupportedInterfaceOrientations_iPad = "UIInterfaceOrientationPortrait UIInterfaceOrientationPortraitUpsideDown UIInterfaceOrientationLandscapeLeft UIInterfaceOrientationLandscapeRight";
				INFOPLIST_KEY_UISupportedInterfaceOrientations_iPhone = "UIInterfaceOrientationPortrait UIInterfaceOrientationLandscapeLeft UIInterfaceOrientationLandscapeRight";
				IPHONEOS_DEPLOYMENT_TARGET = 16.0;
				LD_RUNPATH_SEARCH_PATHS = (
					"$(inherited)",
					"@executable_path/Frameworks",
				);
				MARKETING_VERSION = 1.0;
				PRODUCT_BUNDLE_IDENTIFIER = com.kkonteh.SmartOBD2;
				PRODUCT_NAME = "$(TARGET_NAME)";
				SWIFT_EMIT_LOC_STRINGS = YES;
				SWIFT_VERSION = 5.0;
				TARGETED_DEVICE_FAMILY = "1,2";
			};
			name = Debug;
		};
		38C93E952A7CBE450044C7E4 /* Release */ = {
			isa = XCBuildConfiguration;
			buildSettings = {
				ASSETCATALOG_COMPILER_APPICON_NAME = AppIcon;
				ASSETCATALOG_COMPILER_GLOBAL_ACCENT_COLOR_NAME = AccentColor;
				CODE_SIGN_STYLE = Automatic;
				CURRENT_PROJECT_VERSION = 1;
				DEVELOPMENT_ASSET_PATHS = "\"SmartOBD2/Preview Content\"";
				DEVELOPMENT_TEAM = AA9JVLXUZS;
				ENABLE_PREVIEWS = YES;
				GENERATE_INFOPLIST_FILE = YES;
				INFOPLIST_FILE = SmartOBD2/Info.plist;
				INFOPLIST_KEY_LSApplicationCategoryType = "";
				INFOPLIST_KEY_NSBluetoothAlwaysUsageDescription = "";
				INFOPLIST_KEY_NSBluetoothPeripheralUsageDescription = "";
				INFOPLIST_KEY_UIApplicationSceneManifest_Generation = YES;
				INFOPLIST_KEY_UIApplicationSupportsIndirectInputEvents = YES;
				INFOPLIST_KEY_UILaunchScreen_Generation = YES;
				INFOPLIST_KEY_UISupportedInterfaceOrientations_iPad = "UIInterfaceOrientationPortrait UIInterfaceOrientationPortraitUpsideDown UIInterfaceOrientationLandscapeLeft UIInterfaceOrientationLandscapeRight";
				INFOPLIST_KEY_UISupportedInterfaceOrientations_iPhone = "UIInterfaceOrientationPortrait UIInterfaceOrientationLandscapeLeft UIInterfaceOrientationLandscapeRight";
				IPHONEOS_DEPLOYMENT_TARGET = 16.0;
				LD_RUNPATH_SEARCH_PATHS = (
					"$(inherited)",
					"@executable_path/Frameworks",
				);
				MARKETING_VERSION = 1.0;
				PRODUCT_BUNDLE_IDENTIFIER = com.kkonteh.SmartOBD2;
				PRODUCT_NAME = "$(TARGET_NAME)";
				SWIFT_EMIT_LOC_STRINGS = YES;
				SWIFT_VERSION = 5.0;
				TARGETED_DEVICE_FAMILY = "1,2";
			};
			name = Release;
		};
/* End XCBuildConfiguration section */

/* Begin XCConfigurationList section */
		38C93E802A7CBE3D0044C7E4 /* Build configuration list for PBXProject "SmartOBD2" */ = {
			isa = XCConfigurationList;
			buildConfigurations = (
				38C93E912A7CBE440044C7E4 /* Debug */,
				38C93E922A7CBE450044C7E4 /* Release */,
			);
			defaultConfigurationIsVisible = 0;
			defaultConfigurationName = Release;
		};
		38C93E932A7CBE450044C7E4 /* Build configuration list for PBXNativeTarget "SmartOBD2" */ = {
			isa = XCConfigurationList;
			buildConfigurations = (
				38C93E942A7CBE450044C7E4 /* Debug */,
				38C93E952A7CBE450044C7E4 /* Release */,
			);
			defaultConfigurationIsVisible = 0;
			defaultConfigurationName = Release;
		};
/* End XCConfigurationList section */

/* Begin XCRemoteSwiftPackageReference section */
		38F6B3872A80E0FC0040F928 /* XCRemoteSwiftPackageReference "SwiftyJSON" */ = {
			isa = XCRemoteSwiftPackageReference;
			repositoryURL = "https://github.com/SwiftyJSON/SwiftyJSON";
			requirement = {
				kind = upToNextMajorVersion;
				minimumVersion = 5.0.0;
			};
		};
/* End XCRemoteSwiftPackageReference section */

/* Begin XCSwiftPackageProductDependency section */
		38F6B3882A80E0FC0040F928 /* SwiftyJSON */ = {
			isa = XCSwiftPackageProductDependency;
			package = 38F6B3872A80E0FC0040F928 /* XCRemoteSwiftPackageReference "SwiftyJSON" */;
			productName = SwiftyJSON;
		};
/* End XCSwiftPackageProductDependency section */
	};
	rootObject = 38C93E7D2A7CBE3D0044C7E4 /* Project object */;
}
